
Microsoft Visual Studio Solution File, Format Version 12.00
# Visual Studio Version 16
VisualStudioVersion = 16.0.31205.134
MinimumVisualStudioVersion = 10.0.40219.1
Project("{FAE04EC0-301F-11D3-BF4B-00C04F79EFBC}") = "DewaldReview.Web", "DewaldReview\DewaldReview.Web.csproj", "{374ED76F-440E-4877-80F7-E3AB725ACCCA}"
EndProject
Global
	GlobalSection(SolutionConfigurationPlatforms) = preSolution
		Debug|Any CPU = Debug|Any CPU
		Release|Any CPU = Release|Any CPU
	EndGlobalSection
	GlobalSection(ProjectConfigurationPlatforms) = postSolution
		{374ED76F-440E-4877-80F7-E3AB725ACCCA}.Debug|Any CPU.ActiveCfg = Debug|Any CPU
		{374ED76F-440E-4877-80F7-E3AB725ACCCA}.Debug|Any CPU.Build.0 = Debug|Any CPU
		{374ED76F-440E-4877-80F7-E3AB725ACCCA}.Release|Any CPU.ActiveCfg = Release|Any CPU
		{374ED76F-440E-4877-80F7-E3AB725ACCCA}.Release|Any CPU.Build.0 = Release|Any CPU
	EndGlobalSection
	GlobalSection(SolutionProperties) = preSolution
		HideSolutionNode = FALSE
	EndGlobalSection
	GlobalSection(ExtensibilityGlobals) = postSolution
		SolutionGuid = {BC53ECD2-6D52-49CA-97AF-875004ED2FD5}
	EndGlobalSection
EndGlobal
